// !$*UTF8*$!
{
	archiveVersion = 1;
	classes = {
	};
	objectVersion = 56;
	objects = {

/* Begin PBXBuildFile section */
		5251E3752C5CF7480036480A /* ThemeViewController.swift in Sources */ = {isa = PBXBuildFile; fileRef = 5251E3742C5CF7480036480A /* ThemeViewController.swift */; };
		5251E3782C5CFD480036480A /* DefaultPresentationTheme.swift in Sources */ = {isa = PBXBuildFile; fileRef = 5251E3772C5CFD480036480A /* DefaultPresentationTheme.swift */; };
		5251E37A2C5CFD670036480A /* DefaultDarkPresentation.swift in Sources */ = {isa = PBXBuildFile; fileRef = 5251E3792C5CFD670036480A /* DefaultDarkPresentation.swift */; };
		5251E37C2C5CFD8B0036480A /* PresentationTheme.swift in Sources */ = {isa = PBXBuildFile; fileRef = 5251E37B2C5CFD8B0036480A /* PresentationTheme.swift */; };
		5251E37E2C5CFD9A0036480A /* ThemeManager.swift in Sources */ = {isa = PBXBuildFile; fileRef = 5251E37D2C5CFD9A0036480A /* ThemeManager.swift */; };
		5251E3802C5D26860036480A /* ThemeTableViewCell.swift in Sources */ = {isa = PBXBuildFile; fileRef = 5251E37F2C5D26860036480A /* ThemeTableViewCell.swift */; };
		5254BBCA2C5CB1C400B7D4B8 /* SettingTableViewCell.swift in Sources */ = {isa = PBXBuildFile; fileRef = 5254BBC92C5CB1C400B7D4B8 /* SettingTableViewCell.swift */; };
		5254BBCC2C5CC8EA00B7D4B8 /* SettingNotificationTableViewCell.swift in Sources */ = {isa = PBXBuildFile; fileRef = 5254BBCB2C5CC8EA00B7D4B8 /* SettingNotificationTableViewCell.swift */; };
		5254BBCE2C5CCB0E00B7D4B8 /* SettingScreen.storyboard in Resources */ = {isa = PBXBuildFile; fileRef = 5254BBCD2C5CCB0E00B7D4B8 /* SettingScreen.storyboard */; };
		5254BBD12C5CCB3600B7D4B8 /* AboutUsViewController.swift in Sources */ = {isa = PBXBuildFile; fileRef = 5254BBD02C5CCB3600B7D4B8 /* AboutUsViewController.swift */; };
		5254BBD32C5CCF3300B7D4B8 /* LanguageViewController.swift in Sources */ = {isa = PBXBuildFile; fileRef = 5254BBD22C5CCF3300B7D4B8 /* LanguageViewController.swift */; };
		5254BBD52C5CD2D100B7D4B8 /* LanguageTableViewCell.swift in Sources */ = {isa = PBXBuildFile; fileRef = 5254BBD42C5CD2D100B7D4B8 /* LanguageTableViewCell.swift */; };
		5254BBD72C5CE90B00B7D4B8 /* ContactViewController.swift in Sources */ = {isa = PBXBuildFile; fileRef = 5254BBD62C5CE90B00B7D4B8 /* ContactViewController.swift */; };
		5255C90F2C57ECFD007FE420 /* InputFields.strings in Resources */ = {isa = PBXBuildFile; fileRef = 5255C90D2C57ECFD007FE420 /* InputFields.strings */; };
		5255C9122C57ED16007FE420 /* ButtonTitles.strings in Resources */ = {isa = PBXBuildFile; fileRef = 5255C9102C57ED16007FE420 /* ButtonTitles.strings */; };
		5255C9172C58017D007FE420 /* LoadingView.swift in Sources */ = {isa = PBXBuildFile; fileRef = 5255C9162C58017D007FE420 /* LoadingView.swift */; };
		5255C9192C58019B007FE420 /* LoadingViewController.swift in Sources */ = {isa = PBXBuildFile; fileRef = 5255C9182C58019B007FE420 /* LoadingViewController.swift */; };
		5255C91C2C5804B9007FE420 /* Generals.strings in Resources */ = {isa = PBXBuildFile; fileRef = 5255C91A2C5804B9007FE420 /* Generals.strings */; };
		5255C9262C580F4E007FE420 /* NSNotification.Name + Ext.swift in Sources */ = {isa = PBXBuildFile; fileRef = 5255C9252C580F4E007FE420 /* NSNotification.Name + Ext.swift */; };
		5255C9282C581833007FE420 /* PopUpUtil.swift in Sources */ = {isa = PBXBuildFile; fileRef = 5255C9272C581833007FE420 /* PopUpUtil.swift */; };
		5255C93D2C582225007FE420 /* KhmerOS.ttf in Resources */ = {isa = PBXBuildFile; fileRef = 5255C92B2C582222007FE420 /* KhmerOS.ttf */; };
		5255C93E2C582225007FE420 /* KhmerOSNew-Regular.ttf in Resources */ = {isa = PBXBuildFile; fileRef = 5255C92C2C582222007FE420 /* KhmerOSNew-Regular.ttf */; };
		5255C93F2C582225007FE420 /* KhmerOSNew-Bold.ttf in Resources */ = {isa = PBXBuildFile; fileRef = 5255C92D2C582222007FE420 /* KhmerOSNew-Bold.ttf */; };
		5255C9402C582225007FE420 /* KhmerOSContent-Bold.ttf in Resources */ = {isa = PBXBuildFile; fileRef = 5255C92E2C582223007FE420 /* KhmerOSContent-Bold.ttf */; };
		5255C9412C582225007FE420 /* KhmerOSDangrek.ttf in Resources */ = {isa = PBXBuildFile; fileRef = 5255C92F2C582223007FE420 /* KhmerOSDangrek.ttf */; };
		5255C9422C582225007FE420 /* KhmerOSMetalchrieng.ttf in Resources */ = {isa = PBXBuildFile; fileRef = 5255C9302C582223007FE420 /* KhmerOSMetalchrieng.ttf */; };
		5255C9432C582225007FE420 /* KhmerOSKoulen.ttf in Resources */ = {isa = PBXBuildFile; fileRef = 5255C9312C582223007FE420 /* KhmerOSKoulen.ttf */; };
		5255C9442C582225007FE420 /* KhmerOSMoulLight.ttf in Resources */ = {isa = PBXBuildFile; fileRef = 5255C9322C582223007FE420 /* KhmerOSMoulLight.ttf */; };
		5255C9452C582225007FE420 /* KhmerOSSiemreap.ttf in Resources */ = {isa = PBXBuildFile; fileRef = 5255C9332C582223007FE420 /* KhmerOSSiemreap.ttf */; };
		5255C9462C582225007FE420 /* KhmerOSFasthand.ttf in Resources */ = {isa = PBXBuildFile; fileRef = 5255C9342C582223007FE420 /* KhmerOSFasthand.ttf */; };
		5255C9472C582225007FE420 /* KhmerOSKangrey.ttf in Resources */ = {isa = PBXBuildFile; fileRef = 5255C9352C582224007FE420 /* KhmerOSKangrey.ttf */; };
		5255C9482C582225007FE420 /* KhmerOSBattambang-Bold.ttf in Resources */ = {isa = PBXBuildFile; fileRef = 5255C9362C582224007FE420 /* KhmerOSBattambang-Bold.ttf */; };
		5255C9492C582225007FE420 /* KhmerOSBassac.ttf in Resources */ = {isa = PBXBuildFile; fileRef = 5255C9372C582224007FE420 /* KhmerOSBassac.ttf */; };
		5255C94A2C582225007FE420 /* KhmerOSMoulpali.ttf in Resources */ = {isa = PBXBuildFile; fileRef = 5255C9382C582224007FE420 /* KhmerOSMoulpali.ttf */; };
		5255C94B2C582225007FE420 /* KhmerOSFreehand.ttf in Resources */ = {isa = PBXBuildFile; fileRef = 5255C9392C582224007FE420 /* KhmerOSFreehand.ttf */; };
		5255C94C2C582225007FE420 /* KhmerOSBattambang-Regular.ttf in Resources */ = {isa = PBXBuildFile; fileRef = 5255C93A2C582224007FE420 /* KhmerOSBattambang-Regular.ttf */; };
		5255C94D2C582225007FE420 /* KhmerOSContent-Regular.ttf in Resources */ = {isa = PBXBuildFile; fileRef = 5255C93B2C582225007FE420 /* KhmerOSContent-Regular.ttf */; };
		5255C94E2C582225007FE420 /* KhmerOSBokor.ttf in Resources */ = {isa = PBXBuildFile; fileRef = 5255C93C2C582225007FE420 /* KhmerOSBokor.ttf */; };
		5255C9502C58224F007FE420 /* UIFont + Ext.swift in Sources */ = {isa = PBXBuildFile; fileRef = 5255C94F2C58224F007FE420 /* UIFont + Ext.swift */; };
		526EBA5E2C5638E5005F54DA /* KeyboardUtil.swift in Sources */ = {isa = PBXBuildFile; fileRef = 526EBA5D2C5638E5005F54DA /* KeyboardUtil.swift */; };
		526EBA612C563923005F54DA /* UIColor + Ext.swift in Sources */ = {isa = PBXBuildFile; fileRef = 526EBA602C563923005F54DA /* UIColor + Ext.swift */; };
		526EBA632C564723005F54DA /* LoginViewController.swift in Sources */ = {isa = PBXBuildFile; fileRef = 526EBA622C564723005F54DA /* LoginViewController.swift */; };
		526EBA662C5659CD005F54DA /* AuthAPIService.swift in Sources */ = {isa = PBXBuildFile; fileRef = 526EBA652C5659CD005F54DA /* AuthAPIService.swift */; };
		526EBA682C565CB6005F54DA /* RegisterViewController.swift in Sources */ = {isa = PBXBuildFile; fileRef = 526EBA672C565CB6005F54DA /* RegisterViewController.swift */; };
		526EBA6A2C5660FE005F54DA /* ForgetPasswordViewController.swift in Sources */ = {isa = PBXBuildFile; fileRef = 526EBA692C5660FE005F54DA /* ForgetPasswordViewController.swift */; };
		526EBA6C2C56640F005F54DA /* VerifyCodeViewController.swift in Sources */ = {isa = PBXBuildFile; fileRef = 526EBA6B2C56640F005F54DA /* VerifyCodeViewController.swift */; };
		526EBA6F2C566471005F54DA /* ResetPasswordViewController.swift in Sources */ = {isa = PBXBuildFile; fileRef = 526EBA6E2C566471005F54DA /* ResetPasswordViewController.swift */; };
		526EBA722C5664BC005F54DA /* SettingViewController.swift in Sources */ = {isa = PBXBuildFile; fileRef = 526EBA712C5664BC005F54DA /* SettingViewController.swift */; };
		528C63DA2C55E72B009FD199 /* AppDelegate.swift in Sources */ = {isa = PBXBuildFile; fileRef = 528C63D92C55E72B009FD199 /* AppDelegate.swift */; };
		528C63E32C55E72D009FD199 /* Assets.xcassets in Resources */ = {isa = PBXBuildFile; fileRef = 528C63E22C55E72D009FD199 /* Assets.xcassets */; };
		528C63E62C55E72D009FD199 /* Base in Resources */ = {isa = PBXBuildFile; fileRef = 528C63E52C55E72D009FD199 /* Base */; };
		528C63F32C55E8D5009FD199 /* AuthScreen.storyboard in Resources */ = {isa = PBXBuildFile; fileRef = 528C63F22C55E8D5009FD199 /* AuthScreen.storyboard */; };
		528C63F72C55EAAA009FD199 /* Main.storyboard in Resources */ = {isa = PBXBuildFile; fileRef = 528C63F62C55EAAA009FD199 /* Main.storyboard */; };
		52A964492C5E5D8100427630 /* BaseNavigationController.swift in Sources */ = {isa = PBXBuildFile; fileRef = 52A964482C5E5D8100427630 /* BaseNavigationController.swift */; };
		52C11F092C5B4A4A00986229 /* Alert.swift in Sources */ = {isa = PBXBuildFile; fileRef = 52C11F082C5B4A4A00986229 /* Alert.swift */; };
		52DEE79E2C57E9E200E0BC60 /* ScreenTitles.strings in Resources */ = {isa = PBXBuildFile; fileRef = 52DEE79C2C57E9E200E0BC60 /* ScreenTitles.strings */; };
		52EEB9532C58A35D004354DD /* Endpoint.swift in Sources */ = {isa = PBXBuildFile; fileRef = 52EEB9522C58A35D004354DD /* Endpoint.swift */; };
		52EEB9562C58A44B004354DD /* AuthResponseData.swift in Sources */ = {isa = PBXBuildFile; fileRef = 52EEB9552C58A44B004354DD /* AuthResponseData.swift */; };
		52EEB9592C590E98004354DD /* DataValidation .swift in Sources */ = {isa = PBXBuildFile; fileRef = 52EEB9582C590E98004354DD /* DataValidation .swift */; };
		52EEB95B2C59107C004354DD /* HomeScreen.storyboard in Resources */ = {isa = PBXBuildFile; fileRef = 52EEB95A2C59107C004354DD /* HomeScreen.storyboard */; };
		52EEB95E2C5910A3004354DD /* HomeViewController.swift in Sources */ = {isa = PBXBuildFile; fileRef = 52EEB95D2C5910A3004354DD /* HomeViewController.swift */; };
		52EEB9602C591289004354DD /* UIApplication + Ext.swift in Sources */ = {isa = PBXBuildFile; fileRef = 52EEB95F2C591289004354DD /* UIApplication + Ext.swift */; };
		52EEB9622C5912AA004354DD /* UIWindow + Ext.swift in Sources */ = {isa = PBXBuildFile; fileRef = 52EEB9612C5912AA004354DD /* UIWindow + Ext.swift */; };
		EFAC3B2C2408D091C6F1C64B /* Pods_online_course_app.framework in Frameworks */ = {isa = PBXBuildFile; fileRef = 9E056F04E4F1CC2E2D04B1CB /* Pods_online_course_app.framework */; };
/* End PBXBuildFile section */

/* Begin PBXFileReference section */
		5251E3742C5CF7480036480A /* ThemeViewController.swift */ = {isa = PBXFileReference; lastKnownFileType = sourcecode.swift; path = ThemeViewController.swift; sourceTree = "<group>"; };
		5251E3772C5CFD480036480A /* DefaultPresentationTheme.swift */ = {isa = PBXFileReference; lastKnownFileType = sourcecode.swift; path = DefaultPresentationTheme.swift; sourceTree = "<group>"; };
		5251E3792C5CFD670036480A /* DefaultDarkPresentation.swift */ = {isa = PBXFileReference; lastKnownFileType = sourcecode.swift; path = DefaultDarkPresentation.swift; sourceTree = "<group>"; };
		5251E37B2C5CFD8B0036480A /* PresentationTheme.swift */ = {isa = PBXFileReference; lastKnownFileType = sourcecode.swift; path = PresentationTheme.swift; sourceTree = "<group>"; };
		5251E37D2C5CFD9A0036480A /* ThemeManager.swift */ = {isa = PBXFileReference; lastKnownFileType = sourcecode.swift; path = ThemeManager.swift; sourceTree = "<group>"; };
		5251E37F2C5D26860036480A /* ThemeTableViewCell.swift */ = {isa = PBXFileReference; lastKnownFileType = sourcecode.swift; path = ThemeTableViewCell.swift; sourceTree = "<group>"; };
		5254BBC92C5CB1C400B7D4B8 /* SettingTableViewCell.swift */ = {isa = PBXFileReference; lastKnownFileType = sourcecode.swift; path = SettingTableViewCell.swift; sourceTree = "<group>"; };
		5254BBCB2C5CC8EA00B7D4B8 /* SettingNotificationTableViewCell.swift */ = {isa = PBXFileReference; lastKnownFileType = sourcecode.swift; path = SettingNotificationTableViewCell.swift; sourceTree = "<group>"; };
		5254BBCD2C5CCB0E00B7D4B8 /* SettingScreen.storyboard */ = {isa = PBXFileReference; lastKnownFileType = file.storyboard; path = SettingScreen.storyboard; sourceTree = "<group>"; };
		5254BBD02C5CCB3600B7D4B8 /* AboutUsViewController.swift */ = {isa = PBXFileReference; lastKnownFileType = sourcecode.swift; path = AboutUsViewController.swift; sourceTree = "<group>"; };
		5254BBD22C5CCF3300B7D4B8 /* LanguageViewController.swift */ = {isa = PBXFileReference; lastKnownFileType = sourcecode.swift; path = LanguageViewController.swift; sourceTree = "<group>"; };
		5254BBD42C5CD2D100B7D4B8 /* LanguageTableViewCell.swift */ = {isa = PBXFileReference; lastKnownFileType = sourcecode.swift; path = LanguageTableViewCell.swift; sourceTree = "<group>"; };
		5254BBD62C5CE90B00B7D4B8 /* ContactViewController.swift */ = {isa = PBXFileReference; lastKnownFileType = sourcecode.swift; path = ContactViewController.swift; sourceTree = "<group>"; };
		5255C90E2C57ECFD007FE420 /* km */ = {isa = PBXFileReference; lastKnownFileType = text.plist.strings; name = km; path = km.lproj/InputFields.strings; sourceTree = "<group>"; };
		5255C9112C57ED16007FE420 /* km */ = {isa = PBXFileReference; lastKnownFileType = text.plist.strings; name = km; path = km.lproj/ButtonTitles.strings; sourceTree = "<group>"; };
		5255C9132C57ED1C007FE420 /* en */ = {isa = PBXFileReference; lastKnownFileType = text.plist.strings; name = en; path = en.lproj/InputFields.strings; sourceTree = "<group>"; };
		5255C9142C57ED1E007FE420 /* en */ = {isa = PBXFileReference; lastKnownFileType = text.plist.strings; name = en; path = en.lproj/ButtonTitles.strings; sourceTree = "<group>"; };
		5255C9162C58017D007FE420 /* LoadingView.swift */ = {isa = PBXFileReference; lastKnownFileType = sourcecode.swift; path = LoadingView.swift; sourceTree = "<group>"; };
		5255C9182C58019B007FE420 /* LoadingViewController.swift */ = {isa = PBXFileReference; lastKnownFileType = sourcecode.swift; path = LoadingViewController.swift; sourceTree = "<group>"; };
		5255C91B2C5804B9007FE420 /* km */ = {isa = PBXFileReference; lastKnownFileType = text.plist.strings; name = km; path = km.lproj/Generals.strings; sourceTree = "<group>"; };
		5255C91D2C5804BC007FE420 /* en */ = {isa = PBXFileReference; lastKnownFileType = text.plist.strings; name = en; path = en.lproj/Generals.strings; sourceTree = "<group>"; };
		5255C9252C580F4E007FE420 /* NSNotification.Name + Ext.swift */ = {isa = PBXFileReference; lastKnownFileType = sourcecode.swift; path = "NSNotification.Name + Ext.swift"; sourceTree = "<group>"; };
		5255C9272C581833007FE420 /* PopUpUtil.swift */ = {isa = PBXFileReference; lastKnownFileType = sourcecode.swift; path = PopUpUtil.swift; sourceTree = "<group>"; };
		5255C92B2C582222007FE420 /* KhmerOS.ttf */ = {isa = PBXFileReference; lastKnownFileType = file; path = KhmerOS.ttf; sourceTree = "<group>"; };
		5255C92C2C582222007FE420 /* KhmerOSNew-Regular.ttf */ = {isa = PBXFileReference; lastKnownFileType = file; path = "KhmerOSNew-Regular.ttf"; sourceTree = "<group>"; };
		5255C92D2C582222007FE420 /* KhmerOSNew-Bold.ttf */ = {isa = PBXFileReference; lastKnownFileType = file; path = "KhmerOSNew-Bold.ttf"; sourceTree = "<group>"; };
		5255C92E2C582223007FE420 /* KhmerOSContent-Bold.ttf */ = {isa = PBXFileReference; lastKnownFileType = file; path = "KhmerOSContent-Bold.ttf"; sourceTree = "<group>"; };
		5255C92F2C582223007FE420 /* KhmerOSDangrek.ttf */ = {isa = PBXFileReference; lastKnownFileType = file; path = KhmerOSDangrek.ttf; sourceTree = "<group>"; };
		5255C9302C582223007FE420 /* KhmerOSMetalchrieng.ttf */ = {isa = PBXFileReference; lastKnownFileType = file; path = KhmerOSMetalchrieng.ttf; sourceTree = "<group>"; };
		5255C9312C582223007FE420 /* KhmerOSKoulen.ttf */ = {isa = PBXFileReference; lastKnownFileType = file; path = KhmerOSKoulen.ttf; sourceTree = "<group>"; };
		5255C9322C582223007FE420 /* KhmerOSMoulLight.ttf */ = {isa = PBXFileReference; lastKnownFileType = file; path = KhmerOSMoulLight.ttf; sourceTree = "<group>"; };
		5255C9332C582223007FE420 /* KhmerOSSiemreap.ttf */ = {isa = PBXFileReference; lastKnownFileType = file; path = KhmerOSSiemreap.ttf; sourceTree = "<group>"; };
		5255C9342C582223007FE420 /* KhmerOSFasthand.ttf */ = {isa = PBXFileReference; lastKnownFileType = file; path = KhmerOSFasthand.ttf; sourceTree = "<group>"; };
		5255C9352C582224007FE420 /* KhmerOSKangrey.ttf */ = {isa = PBXFileReference; lastKnownFileType = file; path = KhmerOSKangrey.ttf; sourceTree = "<group>"; };
		5255C9362C582224007FE420 /* KhmerOSBattambang-Bold.ttf */ = {isa = PBXFileReference; lastKnownFileType = file; path = "KhmerOSBattambang-Bold.ttf"; sourceTree = "<group>"; };
		5255C9372C582224007FE420 /* KhmerOSBassac.ttf */ = {isa = PBXFileReference; lastKnownFileType = file; path = KhmerOSBassac.ttf; sourceTree = "<group>"; };
		5255C9382C582224007FE420 /* KhmerOSMoulpali.ttf */ = {isa = PBXFileReference; lastKnownFileType = file; path = KhmerOSMoulpali.ttf; sourceTree = "<group>"; };
		5255C9392C582224007FE420 /* KhmerOSFreehand.ttf */ = {isa = PBXFileReference; lastKnownFileType = file; path = KhmerOSFreehand.ttf; sourceTree = "<group>"; };
		5255C93A2C582224007FE420 /* KhmerOSBattambang-Regular.ttf */ = {isa = PBXFileReference; lastKnownFileType = file; path = "KhmerOSBattambang-Regular.ttf"; sourceTree = "<group>"; };
		5255C93B2C582225007FE420 /* KhmerOSContent-Regular.ttf */ = {isa = PBXFileReference; lastKnownFileType = file; path = "KhmerOSContent-Regular.ttf"; sourceTree = "<group>"; };
		5255C93C2C582225007FE420 /* KhmerOSBokor.ttf */ = {isa = PBXFileReference; lastKnownFileType = file; path = KhmerOSBokor.ttf; sourceTree = "<group>"; };
		5255C94F2C58224F007FE420 /* UIFont + Ext.swift */ = {isa = PBXFileReference; lastKnownFileType = sourcecode.swift; path = "UIFont + Ext.swift"; sourceTree = "<group>"; };
		526EBA5D2C5638E5005F54DA /* KeyboardUtil.swift */ = {isa = PBXFileReference; lastKnownFileType = sourcecode.swift; path = KeyboardUtil.swift; sourceTree = "<group>"; };
		526EBA602C563923005F54DA /* UIColor + Ext.swift */ = {isa = PBXFileReference; lastKnownFileType = sourcecode.swift; path = "UIColor + Ext.swift"; sourceTree = "<group>"; };
		526EBA622C564723005F54DA /* LoginViewController.swift */ = {isa = PBXFileReference; lastKnownFileType = sourcecode.swift; path = LoginViewController.swift; sourceTree = "<group>"; };
		526EBA652C5659CD005F54DA /* AuthAPIService.swift */ = {isa = PBXFileReference; lastKnownFileType = sourcecode.swift; path = AuthAPIService.swift; sourceTree = "<group>"; };
		526EBA672C565CB6005F54DA /* RegisterViewController.swift */ = {isa = PBXFileReference; lastKnownFileType = sourcecode.swift; path = RegisterViewController.swift; sourceTree = "<group>"; };
		526EBA692C5660FE005F54DA /* ForgetPasswordViewController.swift */ = {isa = PBXFileReference; lastKnownFileType = sourcecode.swift; path = ForgetPasswordViewController.swift; sourceTree = "<group>"; };
		526EBA6B2C56640F005F54DA /* VerifyCodeViewController.swift */ = {isa = PBXFileReference; lastKnownFileType = sourcecode.swift; path = VerifyCodeViewController.swift; sourceTree = "<group>"; };
		526EBA6E2C566471005F54DA /* ResetPasswordViewController.swift */ = {isa = PBXFileReference; lastKnownFileType = sourcecode.swift; path = ResetPasswordViewController.swift; sourceTree = "<group>"; };
		526EBA712C5664BC005F54DA /* SettingViewController.swift */ = {isa = PBXFileReference; lastKnownFileType = sourcecode.swift; path = SettingViewController.swift; sourceTree = "<group>"; };
		528C63D62C55E72B009FD199 /* online-course-app.app */ = {isa = PBXFileReference; explicitFileType = wrapper.application; includeInIndex = 0; path = "online-course-app.app"; sourceTree = BUILT_PRODUCTS_DIR; };
		528C63D92C55E72B009FD199 /* AppDelegate.swift */ = {isa = PBXFileReference; lastKnownFileType = sourcecode.swift; path = AppDelegate.swift; sourceTree = "<group>"; };
		528C63E22C55E72D009FD199 /* Assets.xcassets */ = {isa = PBXFileReference; lastKnownFileType = folder.assetcatalog; path = Assets.xcassets; sourceTree = "<group>"; };
		528C63E52C55E72D009FD199 /* Base */ = {isa = PBXFileReference; lastKnownFileType = file.storyboard; name = Base; path = Base.lproj/LaunchScreen.storyboard; sourceTree = "<group>"; };
		528C63E72C55E72D009FD199 /* Info.plist */ = {isa = PBXFileReference; lastKnownFileType = text.plist.xml; path = Info.plist; sourceTree = "<group>"; };
		528C63F22C55E8D5009FD199 /* AuthScreen.storyboard */ = {isa = PBXFileReference; lastKnownFileType = file.storyboard; path = AuthScreen.storyboard; sourceTree = "<group>"; };
		528C63F62C55EAAA009FD199 /* Main.storyboard */ = {isa = PBXFileReference; lastKnownFileType = file.storyboard; path = Main.storyboard; sourceTree = "<group>"; };
		52A964482C5E5D8100427630 /* BaseNavigationController.swift */ = {isa = PBXFileReference; lastKnownFileType = sourcecode.swift; path = BaseNavigationController.swift; sourceTree = "<group>"; };
		52C11F082C5B4A4A00986229 /* Alert.swift */ = {isa = PBXFileReference; lastKnownFileType = sourcecode.swift; path = Alert.swift; sourceTree = "<group>"; };
		52DEE79D2C57E9E200E0BC60 /* en */ = {isa = PBXFileReference; lastKnownFileType = text.plist.strings; name = en; path = en.lproj/ScreenTitles.strings; sourceTree = "<group>"; };
		52DEE79F2C57E9E700E0BC60 /* km */ = {isa = PBXFileReference; lastKnownFileType = text.plist.strings; name = km; path = km.lproj/ScreenTitles.strings; sourceTree = "<group>"; };
		52EEB9522C58A35D004354DD /* Endpoint.swift */ = {isa = PBXFileReference; lastKnownFileType = sourcecode.swift; path = Endpoint.swift; sourceTree = "<group>"; };
		52EEB9552C58A44B004354DD /* AuthResponseData.swift */ = {isa = PBXFileReference; lastKnownFileType = sourcecode.swift; path = AuthResponseData.swift; sourceTree = "<group>"; };
		52EEB9582C590E98004354DD /* DataValidation .swift */ = {isa = PBXFileReference; lastKnownFileType = sourcecode.swift; path = "DataValidation .swift"; sourceTree = "<group>"; };
		52EEB95A2C59107C004354DD /* HomeScreen.storyboard */ = {isa = PBXFileReference; lastKnownFileType = file.storyboard; path = HomeScreen.storyboard; sourceTree = "<group>"; };
		52EEB95D2C5910A3004354DD /* HomeViewController.swift */ = {isa = PBXFileReference; lastKnownFileType = sourcecode.swift; path = HomeViewController.swift; sourceTree = "<group>"; };
		52EEB95F2C591289004354DD /* UIApplication + Ext.swift */ = {isa = PBXFileReference; lastKnownFileType = sourcecode.swift; path = "UIApplication + Ext.swift"; sourceTree = "<group>"; };
		52EEB9612C5912AA004354DD /* UIWindow + Ext.swift */ = {isa = PBXFileReference; lastKnownFileType = sourcecode.swift; path = "UIWindow + Ext.swift"; sourceTree = "<group>"; };
		6D775617AA3B7A6C2FD0AABB /* Pods-online-course-app.debug.xcconfig */ = {isa = PBXFileReference; includeInIndex = 1; lastKnownFileType = text.xcconfig; name = "Pods-online-course-app.debug.xcconfig"; path = "Target Support Files/Pods-online-course-app/Pods-online-course-app.debug.xcconfig"; sourceTree = "<group>"; };
		9E056F04E4F1CC2E2D04B1CB /* Pods_online_course_app.framework */ = {isa = PBXFileReference; explicitFileType = wrapper.framework; includeInIndex = 0; path = Pods_online_course_app.framework; sourceTree = BUILT_PRODUCTS_DIR; };
		FE95B5D8139851594791A6A9 /* Pods-online-course-app.release.xcconfig */ = {isa = PBXFileReference; includeInIndex = 1; lastKnownFileType = text.xcconfig; name = "Pods-online-course-app.release.xcconfig"; path = "Target Support Files/Pods-online-course-app/Pods-online-course-app.release.xcconfig"; sourceTree = "<group>"; };
/* End PBXFileReference section */

/* Begin PBXFrameworksBuildPhase section */
		528C63D32C55E72B009FD199 /* Frameworks */ = {
			isa = PBXFrameworksBuildPhase;
			buildActionMask = 2147483647;
			files = (
				EFAC3B2C2408D091C6F1C64B /* Pods_online_course_app.framework in Frameworks */,
			);
			runOnlyForDeploymentPostprocessing = 0;
		};
/* End PBXFrameworksBuildPhase section */

/* Begin PBXGroup section */
		5251E3762C5CFA1B0036480A /* Appearance */ = {
			isa = PBXGroup;
			children = (
				5251E3772C5CFD480036480A /* DefaultPresentationTheme.swift */,
				5251E3792C5CFD670036480A /* DefaultDarkPresentation.swift */,
				5251E37B2C5CFD8B0036480A /* PresentationTheme.swift */,
				5251E37D2C5CFD9A0036480A /* ThemeManager.swift */,
			);
			path = Appearance;
			sourceTree = "<group>";
		};
		5254BBCF2C5CCB1800B7D4B8 /* SettingController */ = {
			isa = PBXGroup;
			children = (
				5254BBD02C5CCB3600B7D4B8 /* AboutUsViewController.swift */,
				5254BBD22C5CCF3300B7D4B8 /* LanguageViewController.swift */,
				5254BBD62C5CE90B00B7D4B8 /* ContactViewController.swift */,
				5251E3742C5CF7480036480A /* ThemeViewController.swift */,
			);
			path = SettingController;
			sourceTree = "<group>";
		};
		5255C9152C580171007FE420 /* View */ = {
			isa = PBXGroup;
			children = (
				5255C9162C58017D007FE420 /* LoadingView.swift */,
				5254BBC92C5CB1C400B7D4B8 /* SettingTableViewCell.swift */,
				5254BBCB2C5CC8EA00B7D4B8 /* SettingNotificationTableViewCell.swift */,
				5254BBD42C5CD2D100B7D4B8 /* LanguageTableViewCell.swift */,
				5251E37F2C5D26860036480A /* ThemeTableViewCell.swift */,
			);
			path = View;
			sourceTree = "<group>";
		};
		5255C9202C580A7E007FE420 /* Validation */ = {
			isa = PBXGroup;
			children = (
				52EEB9582C590E98004354DD /* DataValidation .swift */,
			);
			path = Validation;
			sourceTree = "<group>";
		};
		5255C9292C5821DD007FE420 /* Localization */ = {
			isa = PBXGroup;
			children = (
				52DEE79C2C57E9E200E0BC60 /* ScreenTitles.strings */,
				5255C90D2C57ECFD007FE420 /* InputFields.strings */,
				5255C9102C57ED16007FE420 /* ButtonTitles.strings */,
				5255C91A2C5804B9007FE420 /* Generals.strings */,
			);
			path = Localization;
			sourceTree = "<group>";
		};
		5255C92A2C5821FD007FE420 /* Font */ = {
			isa = PBXGroup;
			children = (
				5255C92B2C582222007FE420 /* KhmerOS.ttf */,
				5255C9372C582224007FE420 /* KhmerOSBassac.ttf */,
				5255C9362C582224007FE420 /* KhmerOSBattambang-Bold.ttf */,
				5255C93A2C582224007FE420 /* KhmerOSBattambang-Regular.ttf */,
				5255C93C2C582225007FE420 /* KhmerOSBokor.ttf */,
				5255C92E2C582223007FE420 /* KhmerOSContent-Bold.ttf */,
				5255C93B2C582225007FE420 /* KhmerOSContent-Regular.ttf */,
				5255C92F2C582223007FE420 /* KhmerOSDangrek.ttf */,
				5255C9342C582223007FE420 /* KhmerOSFasthand.ttf */,
				5255C9392C582224007FE420 /* KhmerOSFreehand.ttf */,
				5255C9352C582224007FE420 /* KhmerOSKangrey.ttf */,
				5255C9312C582223007FE420 /* KhmerOSKoulen.ttf */,
				5255C9302C582223007FE420 /* KhmerOSMetalchrieng.ttf */,
				5255C9322C582223007FE420 /* KhmerOSMoulLight.ttf */,
				5255C9382C582224007FE420 /* KhmerOSMoulpali.ttf */,
				5255C92D2C582222007FE420 /* KhmerOSNew-Bold.ttf */,
				5255C92C2C582222007FE420 /* KhmerOSNew-Regular.ttf */,
				5255C9332C582223007FE420 /* KhmerOSSiemreap.ttf */,
			);
			path = Font;
			sourceTree = "<group>";
		};
		526EBA5F2C563914005F54DA /* Extension */ = {
			isa = PBXGroup;
			children = (
				526EBA602C563923005F54DA /* UIColor + Ext.swift */,
				5255C9252C580F4E007FE420 /* NSNotification.Name + Ext.swift */,
				5255C94F2C58224F007FE420 /* UIFont + Ext.swift */,
				52EEB95F2C591289004354DD /* UIApplication + Ext.swift */,
				52EEB9612C5912AA004354DD /* UIWindow + Ext.swift */,
			);
			path = Extension;
			sourceTree = "<group>";
		};
		526EBA642C5659AD005F54DA /* Service */ = {
			isa = PBXGroup;
			children = (
				52EEB9542C58A437004354DD /* Response */,
				526EBA652C5659CD005F54DA /* AuthAPIService.swift */,
				52EEB9522C58A35D004354DD /* Endpoint.swift */,
			);
			path = Service;
			sourceTree = "<group>";
		};
		526EBA6D2C566417005F54DA /* AuthController */ = {
			isa = PBXGroup;
			children = (
				526EBA622C564723005F54DA /* LoginViewController.swift */,
				526EBA672C565CB6005F54DA /* RegisterViewController.swift */,
				526EBA692C5660FE005F54DA /* ForgetPasswordViewController.swift */,
				526EBA6B2C56640F005F54DA /* VerifyCodeViewController.swift */,
				526EBA6E2C566471005F54DA /* ResetPasswordViewController.swift */,
			);
			path = AuthController;
			sourceTree = "<group>";
		};
		526EBA702C5664A6005F54DA /* GeneralController */ = {
			isa = PBXGroup;
			children = (
				526EBA712C5664BC005F54DA /* SettingViewController.swift */,
				5255C9182C58019B007FE420 /* LoadingViewController.swift */,
			);
			path = GeneralController;
			sourceTree = "<group>";
		};
		528C63CD2C55E72B009FD199 = {
			isa = PBXGroup;
			children = (
				528C63D82C55E72B009FD199 /* online-course-app */,
				528C63D72C55E72B009FD199 /* Products */,
				ACAE0637094B90330EBF0EFA /* Pods */,
				EBFC2109DF429E96C8EE8C74 /* Frameworks */,
			);
			sourceTree = "<group>";
		};
		528C63D72C55E72B009FD199 /* Products */ = {
			isa = PBXGroup;
			children = (
				528C63D62C55E72B009FD199 /* online-course-app.app */,
			);
			name = Products;
			sourceTree = "<group>";
		};
		528C63D82C55E72B009FD199 /* online-course-app */ = {
			isa = PBXGroup;
			children = (
				5251E3762C5CFA1B0036480A /* Appearance */,
				5255C9202C580A7E007FE420 /* Validation */,
				5255C9152C580171007FE420 /* View */,
				52DEE79B2C57E9AE00E0BC60 /* Model */,
				52DEE79A2C57E9A300E0BC60 /* Resource */,
				526EBA642C5659AD005F54DA /* Service */,
				526EBA5F2C563914005F54DA /* Extension */,
				528C63F12C55E899009FD199 /* Storyboard */,
				528C63EF2C55E87F009FD199 /* Util */,
				528C63ED2C55E862009FD199 /* ViewController */,
				528C63D92C55E72B009FD199 /* AppDelegate.swift */,
				528C63F62C55EAAA009FD199 /* Main.storyboard */,
				528C63E42C55E72D009FD199 /* LaunchScreen.storyboard */,
				528C63E22C55E72D009FD199 /* Assets.xcassets */,
				528C63E72C55E72D009FD199 /* Info.plist */,
			);
			path = "online-course-app";
			sourceTree = "<group>";
		};
		528C63ED2C55E862009FD199 /* ViewController */ = {
			isa = PBXGroup;
			children = (
				52A964472C5E5D5500427630 /* BaseController */,
				5254BBCF2C5CCB1800B7D4B8 /* SettingController */,
				52EEB95C2C59108A004354DD /* HomeController */,
				526EBA702C5664A6005F54DA /* GeneralController */,
				526EBA6D2C566417005F54DA /* AuthController */,
			);
			path = ViewController;
			sourceTree = "<group>";
		};
		528C63EF2C55E87F009FD199 /* Util */ = {
			isa = PBXGroup;
			children = (
				526EBA5D2C5638E5005F54DA /* KeyboardUtil.swift */,
				5255C9272C581833007FE420 /* PopUpUtil.swift */,
				52C11F082C5B4A4A00986229 /* Alert.swift */,
			);
			path = Util;
			sourceTree = "<group>";
		};
		528C63F12C55E899009FD199 /* Storyboard */ = {
			isa = PBXGroup;
			children = (
				528C63F22C55E8D5009FD199 /* AuthScreen.storyboard */,
				52EEB95A2C59107C004354DD /* HomeScreen.storyboard */,
				5254BBCD2C5CCB0E00B7D4B8 /* SettingScreen.storyboard */,
			);
			path = Storyboard;
			sourceTree = "<group>";
		};
		52A964472C5E5D5500427630 /* BaseController */ = {
			isa = PBXGroup;
			children = (
				52A964482C5E5D8100427630 /* BaseNavigationController.swift */,
			);
			path = BaseController;
			sourceTree = "<group>";
		};
		52DEE79A2C57E9A300E0BC60 /* Resource */ = {
			isa = PBXGroup;
			children = (
				5255C92A2C5821FD007FE420 /* Font */,
				5255C9292C5821DD007FE420 /* Localization */,
			);
			path = Resource;
			sourceTree = "<group>";
		};
		52DEE79B2C57E9AE00E0BC60 /* Model */ = {
			isa = PBXGroup;
			children = (
			);
			path = Model;
			sourceTree = "<group>";
		};
		52EEB9542C58A437004354DD /* Response */ = {
			isa = PBXGroup;
			children = (
				52EEB9552C58A44B004354DD /* AuthResponseData.swift */,
			);
			path = Response;
			sourceTree = "<group>";
		};
		52EEB95C2C59108A004354DD /* HomeController */ = {
			isa = PBXGroup;
			children = (
				52EEB95D2C5910A3004354DD /* HomeViewController.swift */,
			);
			path = HomeController;
			sourceTree = "<group>";
		};
		ACAE0637094B90330EBF0EFA /* Pods */ = {
			isa = PBXGroup;
			children = (
				6D775617AA3B7A6C2FD0AABB /* Pods-online-course-app.debug.xcconfig */,
				FE95B5D8139851594791A6A9 /* Pods-online-course-app.release.xcconfig */,
			);
			path = Pods;
			sourceTree = "<group>";
		};
		EBFC2109DF429E96C8EE8C74 /* Frameworks */ = {
			isa = PBXGroup;
			children = (
				9E056F04E4F1CC2E2D04B1CB /* Pods_online_course_app.framework */,
			);
			name = Frameworks;
			sourceTree = "<group>";
		};
/* End PBXGroup section */

/* Begin PBXNativeTarget section */
		528C63D52C55E72B009FD199 /* online-course-app */ = {
			isa = PBXNativeTarget;
			buildConfigurationList = 528C63EA2C55E72D009FD199 /* Build configuration list for PBXNativeTarget "online-course-app" */;
			buildPhases = (
				7FBD740004443589B29CB4D3 /* [CP] Check Pods Manifest.lock */,
				528C63D22C55E72B009FD199 /* Sources */,
				528C63D32C55E72B009FD199 /* Frameworks */,
				528C63D42C55E72B009FD199 /* Resources */,
				959F7E10D4C4F31805DE8537 /* [CP] Embed Pods Frameworks */,
			);
			buildRules = (
			);
			dependencies = (
			);
			name = "online-course-app";
			productName = "online-course-app";
			productReference = 528C63D62C55E72B009FD199 /* online-course-app.app */;
			productType = "com.apple.product-type.application";
		};
/* End PBXNativeTarget section */

/* Begin PBXProject section */
		528C63CE2C55E72B009FD199 /* Project object */ = {
			isa = PBXProject;
			attributes = {
				BuildIndependentTargetsInParallel = 1;
				LastSwiftUpdateCheck = 1530;
				LastUpgradeCheck = 1530;
				TargetAttributes = {
					528C63D52C55E72B009FD199 = {
						CreatedOnToolsVersion = 15.3;
					};
				};
			};
			buildConfigurationList = 528C63D12C55E72B009FD199 /* Build configuration list for PBXProject "online-course-app" */;
			compatibilityVersion = "Xcode 14.0";
			developmentRegion = km;
			hasScannedForEncodings = 0;
			knownRegions = (
				en,
				Base,
				km,
			);
			mainGroup = 528C63CD2C55E72B009FD199;
			productRefGroup = 528C63D72C55E72B009FD199 /* Products */;
			projectDirPath = "";
			projectRoot = "";
			targets = (
				528C63D52C55E72B009FD199 /* online-course-app */,
			);
		};
/* End PBXProject section */

/* Begin PBXResourcesBuildPhase section */
		528C63D42C55E72B009FD199 /* Resources */ = {
			isa = PBXResourcesBuildPhase;
			buildActionMask = 2147483647;
			files = (
				5255C93E2C582225007FE420 /* KhmerOSNew-Regular.ttf in Resources */,
				5255C94A2C582225007FE420 /* KhmerOSMoulpali.ttf in Resources */,
				5255C9452C582225007FE420 /* KhmerOSSiemreap.ttf in Resources */,
				5255C9422C582225007FE420 /* KhmerOSMetalchrieng.ttf in Resources */,
				5255C94D2C582225007FE420 /* KhmerOSContent-Regular.ttf in Resources */,
				5255C9412C582225007FE420 /* KhmerOSDangrek.ttf in Resources */,
				52EEB95B2C59107C004354DD /* HomeScreen.storyboard in Resources */,
				528C63E32C55E72D009FD199 /* Assets.xcassets in Resources */,
				5255C91C2C5804B9007FE420 /* Generals.strings in Resources */,
				5255C93F2C582225007FE420 /* KhmerOSNew-Bold.ttf in Resources */,
				5255C9472C582225007FE420 /* KhmerOSKangrey.ttf in Resources */,
				528C63E62C55E72D009FD199 /* Base in Resources */,
				5255C9402C582225007FE420 /* KhmerOSContent-Bold.ttf in Resources */,
				5255C94E2C582225007FE420 /* KhmerOSBokor.ttf in Resources */,
				5255C9432C582225007FE420 /* KhmerOSKoulen.ttf in Resources */,
				528C63F32C55E8D5009FD199 /* AuthScreen.storyboard in Resources */,
				5255C9462C582225007FE420 /* KhmerOSFasthand.ttf in Resources */,
				5255C9122C57ED16007FE420 /* ButtonTitles.strings in Resources */,
				5255C9492C582225007FE420 /* KhmerOSBassac.ttf in Resources */,
				5255C93D2C582225007FE420 /* KhmerOS.ttf in Resources */,
				528C63F72C55EAAA009FD199 /* Main.storyboard in Resources */,
				5254BBCE2C5CCB0E00B7D4B8 /* SettingScreen.storyboard in Resources */,
				5255C94C2C582225007FE420 /* KhmerOSBattambang-Regular.ttf in Resources */,
				5255C90F2C57ECFD007FE420 /* InputFields.strings in Resources */,
				5255C9442C582225007FE420 /* KhmerOSMoulLight.ttf in Resources */,
				5255C9482C582225007FE420 /* KhmerOSBattambang-Bold.ttf in Resources */,
				52DEE79E2C57E9E200E0BC60 /* ScreenTitles.strings in Resources */,
				5255C94B2C582225007FE420 /* KhmerOSFreehand.ttf in Resources */,
			);
			runOnlyForDeploymentPostprocessing = 0;
		};
/* End PBXResourcesBuildPhase section */

/* Begin PBXShellScriptBuildPhase section */
		7FBD740004443589B29CB4D3 /* [CP] Check Pods Manifest.lock */ = {
			isa = PBXShellScriptBuildPhase;
			buildActionMask = 2147483647;
			files = (
			);
			inputFileListPaths = (
			);
			inputPaths = (
				"${PODS_PODFILE_DIR_PATH}/Podfile.lock",
				"${PODS_ROOT}/Manifest.lock",
			);
			name = "[CP] Check Pods Manifest.lock";
			outputFileListPaths = (
			);
			outputPaths = (
				"$(DERIVED_FILE_DIR)/Pods-online-course-app-checkManifestLockResult.txt",
			);
			runOnlyForDeploymentPostprocessing = 0;
			shellPath = /bin/sh;
			shellScript = "diff \"${PODS_PODFILE_DIR_PATH}/Podfile.lock\" \"${PODS_ROOT}/Manifest.lock\" > /dev/null\nif [ $? != 0 ] ; then\n    # print error to STDERR\n    echo \"error: The sandbox is not in sync with the Podfile.lock. Run 'pod install' or update your CocoaPods installation.\" >&2\n    exit 1\nfi\n# This output is used by Xcode 'outputs' to avoid re-running this script phase.\necho \"SUCCESS\" > \"${SCRIPT_OUTPUT_FILE_0}\"\n";
			showEnvVarsInLog = 0;
		};
		959F7E10D4C4F31805DE8537 /* [CP] Embed Pods Frameworks */ = {
			isa = PBXShellScriptBuildPhase;
			buildActionMask = 2147483647;
			files = (
			);
			inputFileListPaths = (
				"${PODS_ROOT}/Target Support Files/Pods-online-course-app/Pods-online-course-app-frameworks-${CONFIGURATION}-input-files.xcfilelist",
			);
			name = "[CP] Embed Pods Frameworks";
			outputFileListPaths = (
				"${PODS_ROOT}/Target Support Files/Pods-online-course-app/Pods-online-course-app-frameworks-${CONFIGURATION}-output-files.xcfilelist",
			);
			runOnlyForDeploymentPostprocessing = 0;
			shellPath = /bin/sh;
			shellScript = "\"${PODS_ROOT}/Target Support Files/Pods-online-course-app/Pods-online-course-app-frameworks.sh\"\n";
			showEnvVarsInLog = 0;
		};
/* End PBXShellScriptBuildPhase section */

/* Begin PBXSourcesBuildPhase section */
		528C63D22C55E72B009FD199 /* Sources */ = {
			isa = PBXSourcesBuildPhase;
			buildActionMask = 2147483647;
			files = (
				526EBA6F2C566471005F54DA /* ResetPasswordViewController.swift in Sources */,
				5251E37C2C5CFD8B0036480A /* PresentationTheme.swift in Sources */,
				5254BBD72C5CE90B00B7D4B8 /* ContactViewController.swift in Sources */,
				526EBA6C2C56640F005F54DA /* VerifyCodeViewController.swift in Sources */,
				526EBA632C564723005F54DA /* LoginViewController.swift in Sources */,
				5251E37A2C5CFD670036480A /* DefaultDarkPresentation.swift in Sources */,
				5255C9172C58017D007FE420 /* LoadingView.swift in Sources */,
				52EEB9562C58A44B004354DD /* AuthResponseData.swift in Sources */,
				52A964492C5E5D8100427630 /* BaseNavigationController.swift in Sources */,
				5254BBD12C5CCB3600B7D4B8 /* AboutUsViewController.swift in Sources */,
				5254BBCA2C5CB1C400B7D4B8 /* SettingTableViewCell.swift in Sources */,
				528C63DA2C55E72B009FD199 /* AppDelegate.swift in Sources */,
				526EBA662C5659CD005F54DA /* AuthAPIService.swift in Sources */,
				52EEB9602C591289004354DD /* UIApplication + Ext.swift in Sources */,
				5254BBD32C5CCF3300B7D4B8 /* LanguageViewController.swift in Sources */,
				5254BBCC2C5CC8EA00B7D4B8 /* SettingNotificationTableViewCell.swift in Sources */,
				5254BBD52C5CD2D100B7D4B8 /* LanguageTableViewCell.swift in Sources */,
				52C11F092C5B4A4A00986229 /* Alert.swift in Sources */,
				52EEB9592C590E98004354DD /* DataValidation .swift in Sources */,
				526EBA722C5664BC005F54DA /* SettingViewController.swift in Sources */,
				526EBA682C565CB6005F54DA /* RegisterViewController.swift in Sources */,
				526EBA6A2C5660FE005F54DA /* ForgetPasswordViewController.swift in Sources */,
				526EBA5E2C5638E5005F54DA /* KeyboardUtil.swift in Sources */,
				526EBA612C563923005F54DA /* UIColor + Ext.swift in Sources */,
				5255C9262C580F4E007FE420 /* NSNotification.Name + Ext.swift in Sources */,
				52EEB95E2C5910A3004354DD /* HomeViewController.swift in Sources */,
				5251E3752C5CF7480036480A /* ThemeViewController.swift in Sources */,
				52EEB9622C5912AA004354DD /* UIWindow + Ext.swift in Sources */,
				5251E3782C5CFD480036480A /* DefaultPresentationTheme.swift in Sources */,
				5255C9282C581833007FE420 /* PopUpUtil.swift in Sources */,
				5255C9502C58224F007FE420 /* UIFont + Ext.swift in Sources */,
				52EEB9532C58A35D004354DD /* Endpoint.swift in Sources */,
				5251E3802C5D26860036480A /* ThemeTableViewCell.swift in Sources */,
				5255C9192C58019B007FE420 /* LoadingViewController.swift in Sources */,
				5251E37E2C5CFD9A0036480A /* ThemeManager.swift in Sources */,
			);
			runOnlyForDeploymentPostprocessing = 0;
		};
/* End PBXSourcesBuildPhase section */

/* Begin PBXVariantGroup section */
		5255C90D2C57ECFD007FE420 /* InputFields.strings */ = {
			isa = PBXVariantGroup;
			children = (
				5255C90E2C57ECFD007FE420 /* km */,
				5255C9132C57ED1C007FE420 /* en */,
			);
			name = InputFields.strings;
			sourceTree = "<group>";
		};
		5255C9102C57ED16007FE420 /* ButtonTitles.strings */ = {
			isa = PBXVariantGroup;
			children = (
				5255C9112C57ED16007FE420 /* km */,
				5255C9142C57ED1E007FE420 /* en */,
			);
			name = ButtonTitles.strings;
			sourceTree = "<group>";
		};
		5255C91A2C5804B9007FE420 /* Generals.strings */ = {
			isa = PBXVariantGroup;
			children = (
				5255C91B2C5804B9007FE420 /* km */,
				5255C91D2C5804BC007FE420 /* en */,
			);
			name = Generals.strings;
			sourceTree = "<group>";
		};
		528C63E42C55E72D009FD199 /* LaunchScreen.storyboard */ = {
			isa = PBXVariantGroup;
			children = (
				528C63E52C55E72D009FD199 /* Base */,
			);
			name = LaunchScreen.storyboard;
			sourceTree = "<group>";
		};
		52DEE79C2C57E9E200E0BC60 /* ScreenTitles.strings */ = {
			isa = PBXVariantGroup;
			children = (
				52DEE79D2C57E9E200E0BC60 /* en */,
				52DEE79F2C57E9E700E0BC60 /* km */,
			);
			name = ScreenTitles.strings;
			sourceTree = "<group>";
		};
/* End PBXVariantGroup section */

/* Begin XCBuildConfiguration section */
		528C63E82C55E72D009FD199 /* Debug */ = {
			isa = XCBuildConfiguration;
			buildSettings = {
				ALWAYS_SEARCH_USER_PATHS = NO;
				ASSETCATALOG_COMPILER_GENERATE_SWIFT_ASSET_SYMBOL_EXTENSIONS = YES;
				CLANG_ANALYZER_LOCALIZABILITY_NONLOCALIZED = YES;
				CLANG_ANALYZER_NONNULL = YES;
				CLANG_ANALYZER_NUMBER_OBJECT_CONVERSION = YES_AGGRESSIVE;
				CLANG_CXX_LANGUAGE_STANDARD = "gnu++20";
				CLANG_ENABLE_MODULES = YES;
				CLANG_ENABLE_OBJC_ARC = YES;
				CLANG_ENABLE_OBJC_WEAK = YES;
				CLANG_WARN_BLOCK_CAPTURE_AUTORELEASING = YES;
				CLANG_WARN_BOOL_CONVERSION = YES;
				CLANG_WARN_COMMA = YES;
				CLANG_WARN_CONSTANT_CONVERSION = YES;
				CLANG_WARN_DEPRECATED_OBJC_IMPLEMENTATIONS = YES;
				CLANG_WARN_DIRECT_OBJC_ISA_USAGE = YES_ERROR;
				CLANG_WARN_DOCUMENTATION_COMMENTS = YES;
				CLANG_WARN_EMPTY_BODY = YES;
				CLANG_WARN_ENUM_CONVERSION = YES;
				CLANG_WARN_INFINITE_RECURSION = YES;
				CLANG_WARN_INT_CONVERSION = YES;
				CLANG_WARN_NON_LITERAL_NULL_CONVERSION = YES;
				CLANG_WARN_OBJC_IMPLICIT_RETAIN_SELF = YES;
				CLANG_WARN_OBJC_LITERAL_CONVERSION = YES;
				CLANG_WARN_OBJC_ROOT_CLASS = YES_ERROR;
				CLANG_WARN_QUOTED_INCLUDE_IN_FRAMEWORK_HEADER = YES;
				CLANG_WARN_RANGE_LOOP_ANALYSIS = YES;
				CLANG_WARN_STRICT_PROTOTYPES = YES;
				CLANG_WARN_SUSPICIOUS_MOVE = YES;
				CLANG_WARN_UNGUARDED_AVAILABILITY = YES_AGGRESSIVE;
				CLANG_WARN_UNREACHABLE_CODE = YES;
				CLANG_WARN__DUPLICATE_METHOD_MATCH = YES;
				COPY_PHASE_STRIP = NO;
				DEBUG_INFORMATION_FORMAT = dwarf;
				ENABLE_STRICT_OBJC_MSGSEND = YES;
				ENABLE_TESTABILITY = YES;
				ENABLE_USER_SCRIPT_SANDBOXING = YES;
				GCC_C_LANGUAGE_STANDARD = gnu17;
				GCC_DYNAMIC_NO_PIC = NO;
				GCC_NO_COMMON_BLOCKS = YES;
				GCC_OPTIMIZATION_LEVEL = 0;
				GCC_PREPROCESSOR_DEFINITIONS = (
					"DEBUG=1",
					"$(inherited)",
				);
				GCC_WARN_64_TO_32_BIT_CONVERSION = YES;
				GCC_WARN_ABOUT_RETURN_TYPE = YES_ERROR;
				GCC_WARN_UNDECLARED_SELECTOR = YES;
				GCC_WARN_UNINITIALIZED_AUTOS = YES_AGGRESSIVE;
				GCC_WARN_UNUSED_FUNCTION = YES;
				GCC_WARN_UNUSED_VARIABLE = YES;
				IPHONEOS_DEPLOYMENT_TARGET = 17.4;
				LOCALIZATION_PREFERS_STRING_CATALOGS = YES;
				MTL_ENABLE_DEBUG_INFO = INCLUDE_SOURCE;
				MTL_FAST_MATH = YES;
				ONLY_ACTIVE_ARCH = YES;
				SDKROOT = iphoneos;
				SWIFT_ACTIVE_COMPILATION_CONDITIONS = "DEBUG $(inherited)";
				SWIFT_OPTIMIZATION_LEVEL = "-Onone";
			};
			name = Debug;
		};
		528C63E92C55E72D009FD199 /* Release */ = {
			isa = XCBuildConfiguration;
			buildSettings = {
				ALWAYS_SEARCH_USER_PATHS = NO;
				ASSETCATALOG_COMPILER_GENERATE_SWIFT_ASSET_SYMBOL_EXTENSIONS = YES;
				CLANG_ANALYZER_LOCALIZABILITY_NONLOCALIZED = YES;
				CLANG_ANALYZER_NONNULL = YES;
				CLANG_ANALYZER_NUMBER_OBJECT_CONVERSION = YES_AGGRESSIVE;
				CLANG_CXX_LANGUAGE_STANDARD = "gnu++20";
				CLANG_ENABLE_MODULES = YES;
				CLANG_ENABLE_OBJC_ARC = YES;
				CLANG_ENABLE_OBJC_WEAK = YES;
				CLANG_WARN_BLOCK_CAPTURE_AUTORELEASING = YES;
				CLANG_WARN_BOOL_CONVERSION = YES;
				CLANG_WARN_COMMA = YES;
				CLANG_WARN_CONSTANT_CONVERSION = YES;
				CLANG_WARN_DEPRECATED_OBJC_IMPLEMENTATIONS = YES;
				CLANG_WARN_DIRECT_OBJC_ISA_USAGE = YES_ERROR;
				CLANG_WARN_DOCUMENTATION_COMMENTS = YES;
				CLANG_WARN_EMPTY_BODY = YES;
				CLANG_WARN_ENUM_CONVERSION = YES;
				CLANG_WARN_INFINITE_RECURSION = YES;
				CLANG_WARN_INT_CONVERSION = YES;
				CLANG_WARN_NON_LITERAL_NULL_CONVERSION = YES;
				CLANG_WARN_OBJC_IMPLICIT_RETAIN_SELF = YES;
				CLANG_WARN_OBJC_LITERAL_CONVERSION = YES;
				CLANG_WARN_OBJC_ROOT_CLASS = YES_ERROR;
				CLANG_WARN_QUOTED_INCLUDE_IN_FRAMEWORK_HEADER = YES;
				CLANG_WARN_RANGE_LOOP_ANALYSIS = YES;
				CLANG_WARN_STRICT_PROTOTYPES = YES;
				CLANG_WARN_SUSPICIOUS_MOVE = YES;
				CLANG_WARN_UNGUARDED_AVAILABILITY = YES_AGGRESSIVE;
				CLANG_WARN_UNREACHABLE_CODE = YES;
				CLANG_WARN__DUPLICATE_METHOD_MATCH = YES;
				COPY_PHASE_STRIP = NO;
				DEBUG_INFORMATION_FORMAT = "dwarf-with-dsym";
				ENABLE_NS_ASSERTIONS = NO;
				ENABLE_STRICT_OBJC_MSGSEND = YES;
				ENABLE_USER_SCRIPT_SANDBOXING = YES;
				GCC_C_LANGUAGE_STANDARD = gnu17;
				GCC_NO_COMMON_BLOCKS = YES;
				GCC_WARN_64_TO_32_BIT_CONVERSION = YES;
				GCC_WARN_ABOUT_RETURN_TYPE = YES_ERROR;
				GCC_WARN_UNDECLARED_SELECTOR = YES;
				GCC_WARN_UNINITIALIZED_AUTOS = YES_AGGRESSIVE;
				GCC_WARN_UNUSED_FUNCTION = YES;
				GCC_WARN_UNUSED_VARIABLE = YES;
				IPHONEOS_DEPLOYMENT_TARGET = 17.4;
				LOCALIZATION_PREFERS_STRING_CATALOGS = YES;
				MTL_ENABLE_DEBUG_INFO = NO;
				MTL_FAST_MATH = YES;
				SDKROOT = iphoneos;
				SWIFT_COMPILATION_MODE = wholemodule;
				VALIDATE_PRODUCT = YES;
			};
			name = Release;
		};
		528C63EB2C55E72D009FD199 /* Debug */ = {
			isa = XCBuildConfiguration;
			baseConfigurationReference = 6D775617AA3B7A6C2FD0AABB /* Pods-online-course-app.debug.xcconfig */;
			buildSettings = {
				ASSETCATALOG_COMPILER_APPICON_NAME = AppIcon;
				ASSETCATALOG_COMPILER_GLOBAL_ACCENT_COLOR_NAME = AccentColor;
				CODE_SIGN_STYLE = Automatic;
				CURRENT_PROJECT_VERSION = 1;
				DEVELOPMENT_TEAM = HG7TQ755V4;
				ENABLE_USER_SCRIPT_SANDBOXING = NO;
				GENERATE_INFOPLIST_FILE = YES;
				INFOPLIST_FILE = "online-course-app/Info.plist";
				INFOPLIST_KEY_CFBundleDisplayName = Courserize;
				INFOPLIST_KEY_LSApplicationCategoryType = "public.app-category.education";
				INFOPLIST_KEY_UIApplicationSupportsIndirectInputEvents = YES;
				INFOPLIST_KEY_UILaunchStoryboardName = LaunchScreen;
				INFOPLIST_KEY_UIMainStoryboardFile = Main;
				INFOPLIST_KEY_UISupportedInterfaceOrientations_iPad = "UIInterfaceOrientationPortrait UIInterfaceOrientationPortraitUpsideDown UIInterfaceOrientationLandscapeLeft UIInterfaceOrientationLandscapeRight";
				INFOPLIST_KEY_UISupportedInterfaceOrientations_iPhone = "UIInterfaceOrientationPortrait UIInterfaceOrientationLandscapeLeft UIInterfaceOrientationLandscapeRight";
				IPHONEOS_DEPLOYMENT_TARGET = 13.0;
				LD_RUNPATH_SEARCH_PATHS = (
					"$(inherited)",
					"@executable_path/Frameworks",
				);
				MARKETING_VERSION = 1.0;
				PRODUCT_BUNDLE_IDENTIFIER = "com.vicheak.online-course-app";
				PRODUCT_NAME = "$(TARGET_NAME)";
				SWIFT_EMIT_LOC_STRINGS = YES;
				SWIFT_VERSION = 5.0;
				TARGETED_DEVICE_FAMILY = "1,2";
			};
			name = Debug;
		};
		528C63EC2C55E72D009FD199 /* Release */ = {
			isa = XCBuildConfiguration;
			baseConfigurationReference = FE95B5D8139851594791A6A9 /* Pods-online-course-app.release.xcconfig */;
			buildSettings = {
				ASSETCATALOG_COMPILER_APPICON_NAME = AppIcon;
				ASSETCATALOG_COMPILER_GLOBAL_ACCENT_COLOR_NAME = AccentColor;
				CODE_SIGN_STYLE = Automatic;
				CURRENT_PROJECT_VERSION = 1;
				DEVELOPMENT_TEAM = HG7TQ755V4;
				ENABLE_USER_SCRIPT_SANDBOXING = NO;
				GENERATE_INFOPLIST_FILE = YES;
				INFOPLIST_FILE = "online-course-app/Info.plist";
				INFOPLIST_KEY_CFBundleDisplayName = Courserize;
				INFOPLIST_KEY_LSApplicationCategoryType = "public.app-category.education";
				INFOPLIST_KEY_UIApplicationSupportsIndirectInputEvents = YES;
				INFOPLIST_KEY_UILaunchStoryboardName = LaunchScreen;
				INFOPLIST_KEY_UIMainStoryboardFile = Main;
				INFOPLIST_KEY_UISupportedInterfaceOrientations_iPad = "UIInterfaceOrientationPortrait UIInterfaceOrientationPortraitUpsideDown UIInterfaceOrientationLandscapeLeft UIInterfaceOrientationLandscapeRight";
				INFOPLIST_KEY_UISupportedInterfaceOrientations_iPhone = "UIInterfaceOrientationPortrait UIInterfaceOrientationLandscapeLeft UIInterfaceOrientationLandscapeRight";
				IPHONEOS_DEPLOYMENT_TARGET = 13.0;
				LD_RUNPATH_SEARCH_PATHS = (
					"$(inherited)",
					"@executable_path/Frameworks",
				);
				MARKETING_VERSION = 1.0;
				PRODUCT_BUNDLE_IDENTIFIER = "com.vicheak.online-course-app";
				PRODUCT_NAME = "$(TARGET_NAME)";
				SWIFT_EMIT_LOC_STRINGS = YES;
				SWIFT_VERSION = 5.0;
				TARGETED_DEVICE_FAMILY = "1,2";
			};
			name = Release;
		};
/* End XCBuildConfiguration section */

/* Begin XCConfigurationList section */
		528C63D12C55E72B009FD199 /* Build configuration list for PBXProject "online-course-app" */ = {
			isa = XCConfigurationList;
			buildConfigurations = (
				528C63E82C55E72D009FD199 /* Debug */,
				528C63E92C55E72D009FD199 /* Release */,
			);
			defaultConfigurationIsVisible = 0;
			defaultConfigurationName = Release;
		};
		528C63EA2C55E72D009FD199 /* Build configuration list for PBXNativeTarget "online-course-app" */ = {
			isa = XCConfigurationList;
			buildConfigurations = (
				528C63EB2C55E72D009FD199 /* Debug */,
				528C63EC2C55E72D009FD199 /* Release */,
			);
			defaultConfigurationIsVisible = 0;
			defaultConfigurationName = Release;
		};
/* End XCConfigurationList section */
	};
	rootObject = 528C63CE2C55E72B009FD199 /* Project object */;
}
