// !$*UTF8*$!
{
	archiveVersion = 1;
	classes = {
	};
	objectVersion = 56;
	objects = {

/* Begin PBXBuildFile section */
		526EBA5E2C5638E5005F54DA /* KeyboardUtil.swift in Sources */ = {isa = PBXBuildFile; fileRef = 526EBA5D2C5638E5005F54DA /* KeyboardUtil.swift */; };
		526EBA612C563923005F54DA /* UIColor + Ext.swift in Sources */ = {isa = PBXBuildFile; fileRef = 526EBA602C563923005F54DA /* UIColor + Ext.swift */; };
		526EBA632C564723005F54DA /* LoginViewController.swift in Sources */ = {isa = PBXBuildFile; fileRef = 526EBA622C564723005F54DA /* LoginViewController.swift */; };
		526EBA662C5659CD005F54DA /* AuthAPIService.swift in Sources */ = {isa = PBXBuildFile; fileRef = 526EBA652C5659CD005F54DA /* AuthAPIService.swift */; };
		526EBA682C565CB6005F54DA /* RegisterViewController.swift in Sources */ = {isa = PBXBuildFile; fileRef = 526EBA672C565CB6005F54DA /* RegisterViewController.swift */; };
		526EBA6A2C5660FE005F54DA /* ForgetPasswordViewController.swift in Sources */ = {isa = PBXBuildFile; fileRef = 526EBA692C5660FE005F54DA /* ForgetPasswordViewController.swift */; };
		526EBA6C2C56640F005F54DA /* VerifyCodeViewController.swift in Sources */ = {isa = PBXBuildFile; fileRef = 526EBA6B2C56640F005F54DA /* VerifyCodeViewController.swift */; };
		526EBA6F2C566471005F54DA /* ResetPasswordViewController.swift in Sources */ = {isa = PBXBuildFile; fileRef = 526EBA6E2C566471005F54DA /* ResetPasswordViewController.swift */; };
		526EBA722C5664BC005F54DA /* SettingViewController.swift in Sources */ = {isa = PBXBuildFile; fileRef = 526EBA712C5664BC005F54DA /* SettingViewController.swift */; };
		528C63DA2C55E72B009FD199 /* AppDelegate.swift in Sources */ = {isa = PBXBuildFile; fileRef = 528C63D92C55E72B009FD199 /* AppDelegate.swift */; };
		528C63E32C55E72D009FD199 /* Assets.xcassets in Resources */ = {isa = PBXBuildFile; fileRef = 528C63E22C55E72D009FD199 /* Assets.xcassets */; };
		528C63E62C55E72D009FD199 /* Base in Resources */ = {isa = PBXBuildFile; fileRef = 528C63E52C55E72D009FD199 /* Base */; };
		528C63F32C55E8D5009FD199 /* AuthScreen.storyboard in Resources */ = {isa = PBXBuildFile; fileRef = 528C63F22C55E8D5009FD199 /* AuthScreen.storyboard */; };
		528C63F72C55EAAA009FD199 /* Main.storyboard in Resources */ = {isa = PBXBuildFile; fileRef = 528C63F62C55EAAA009FD199 /* Main.storyboard */; };
		EFAC3B2C2408D091C6F1C64B /* Pods_online_course_app.framework in Frameworks */ = {isa = PBXBuildFile; fileRef = 9E056F04E4F1CC2E2D04B1CB /* Pods_online_course_app.framework */; };
/* End PBXBuildFile section */

/* Begin PBXFileReference section */
		526EBA5D2C5638E5005F54DA /* KeyboardUtil.swift */ = {isa = PBXFileReference; lastKnownFileType = sourcecode.swift; path = KeyboardUtil.swift; sourceTree = "<group>"; };
		526EBA602C563923005F54DA /* UIColor + Ext.swift */ = {isa = PBXFileReference; lastKnownFileType = sourcecode.swift; path = "UIColor + Ext.swift"; sourceTree = "<group>"; };
		526EBA622C564723005F54DA /* LoginViewController.swift */ = {isa = PBXFileReference; lastKnownFileType = sourcecode.swift; path = LoginViewController.swift; sourceTree = "<group>"; };
		526EBA652C5659CD005F54DA /* AuthAPIService.swift */ = {isa = PBXFileReference; lastKnownFileType = sourcecode.swift; path = AuthAPIService.swift; sourceTree = "<group>"; };
		526EBA672C565CB6005F54DA /* RegisterViewController.swift */ = {isa = PBXFileReference; lastKnownFileType = sourcecode.swift; path = RegisterViewController.swift; sourceTree = "<group>"; };
		526EBA692C5660FE005F54DA /* ForgetPasswordViewController.swift */ = {isa = PBXFileReference; lastKnownFileType = sourcecode.swift; path = ForgetPasswordViewController.swift; sourceTree = "<group>"; };
		526EBA6B2C56640F005F54DA /* VerifyCodeViewController.swift */ = {isa = PBXFileReference; lastKnownFileType = sourcecode.swift; path = VerifyCodeViewController.swift; sourceTree = "<group>"; };
		526EBA6E2C566471005F54DA /* ResetPasswordViewController.swift */ = {isa = PBXFileReference; lastKnownFileType = sourcecode.swift; path = ResetPasswordViewController.swift; sourceTree = "<group>"; };
		526EBA712C5664BC005F54DA /* SettingViewController.swift */ = {isa = PBXFileReference; lastKnownFileType = sourcecode.swift; path = SettingViewController.swift; sourceTree = "<group>"; };
		528C63D62C55E72B009FD199 /* online-course-app.app */ = {isa = PBXFileReference; explicitFileType = wrapper.application; includeInIndex = 0; path = "online-course-app.app"; sourceTree = BUILT_PRODUCTS_DIR; };
		528C63D92C55E72B009FD199 /* AppDelegate.swift */ = {isa = PBXFileReference; lastKnownFileType = sourcecode.swift; path = AppDelegate.swift; sourceTree = "<group>"; };
		528C63E22C55E72D009FD199 /* Assets.xcassets */ = {isa = PBXFileReference; lastKnownFileType = folder.assetcatalog; path = Assets.xcassets; sourceTree = "<group>"; };
		528C63E52C55E72D009FD199 /* Base */ = {isa = PBXFileReference; lastKnownFileType = file.storyboard; name = Base; path = Base.lproj/LaunchScreen.storyboard; sourceTree = "<group>"; };
		528C63E72C55E72D009FD199 /* Info.plist */ = {isa = PBXFileReference; lastKnownFileType = text.plist.xml; path = Info.plist; sourceTree = "<group>"; };
		528C63F22C55E8D5009FD199 /* AuthScreen.storyboard */ = {isa = PBXFileReference; lastKnownFileType = file.storyboard; path = AuthScreen.storyboard; sourceTree = "<group>"; };
		528C63F62C55EAAA009FD199 /* Main.storyboard */ = {isa = PBXFileReference; lastKnownFileType = file.storyboard; path = Main.storyboard; sourceTree = "<group>"; };
		6D775617AA3B7A6C2FD0AABB /* Pods-online-course-app.debug.xcconfig */ = {isa = PBXFileReference; includeInIndex = 1; lastKnownFileType = text.xcconfig; name = "Pods-online-course-app.debug.xcconfig"; path = "Target Support Files/Pods-online-course-app/Pods-online-course-app.debug.xcconfig"; sourceTree = "<group>"; };
		9E056F04E4F1CC2E2D04B1CB /* Pods_online_course_app.framework */ = {isa = PBXFileReference; explicitFileType = wrapper.framework; includeInIndex = 0; path = Pods_online_course_app.framework; sourceTree = BUILT_PRODUCTS_DIR; };
		FE95B5D8139851594791A6A9 /* Pods-online-course-app.release.xcconfig */ = {isa = PBXFileReference; includeInIndex = 1; lastKnownFileType = text.xcconfig; name = "Pods-online-course-app.release.xcconfig"; path = "Target Support Files/Pods-online-course-app/Pods-online-course-app.release.xcconfig"; sourceTree = "<group>"; };
/* End PBXFileReference section */

/* Begin PBXFrameworksBuildPhase section */
		528C63D32C55E72B009FD199 /* Frameworks */ = {
			isa = PBXFrameworksBuildPhase;
			buildActionMask = 2147483647;
			files = (
				EFAC3B2C2408D091C6F1C64B /* Pods_online_course_app.framework in Frameworks */,
			);
			runOnlyForDeploymentPostprocessing = 0;
		};
/* End PBXFrameworksBuildPhase section */

/* Begin PBXGroup section */
		526EBA5F2C563914005F54DA /* Extension */ = {
			isa = PBXGroup;
			children = (
				526EBA602C563923005F54DA /* UIColor + Ext.swift */,
			);
			path = Extension;
			sourceTree = "<group>";
		};
		526EBA642C5659AD005F54DA /* Service */ = {
			isa = PBXGroup;
			children = (
				526EBA652C5659CD005F54DA /* AuthAPIService.swift */,
			);
			path = Service;
			sourceTree = "<group>";
		};
		526EBA6D2C566417005F54DA /* AuthController */ = {
			isa = PBXGroup;
			children = (
				526EBA622C564723005F54DA /* LoginViewController.swift */,
				526EBA672C565CB6005F54DA /* RegisterViewController.swift */,
				526EBA692C5660FE005F54DA /* ForgetPasswordViewController.swift */,
				526EBA6B2C56640F005F54DA /* VerifyCodeViewController.swift */,
				526EBA6E2C566471005F54DA /* ResetPasswordViewController.swift */,
			);
			path = AuthController;
			sourceTree = "<group>";
		};
		526EBA702C5664A6005F54DA /* GeneralController */ = {
			isa = PBXGroup;
			children = (
				526EBA712C5664BC005F54DA /* SettingViewController.swift */,
			);
			path = GeneralController;
			sourceTree = "<group>";
		};
		528C63CD2C55E72B009FD199 = {
			isa = PBXGroup;
			children = (
				528C63D82C55E72B009FD199 /* online-course-app */,
				528C63D72C55E72B009FD199 /* Products */,
				ACAE0637094B90330EBF0EFA /* Pods */,
				EBFC2109DF429E96C8EE8C74 /* Frameworks */,
			);
			sourceTree = "<group>";
		};
		528C63D72C55E72B009FD199 /* Products */ = {
			isa = PBXGroup;
			children = (
				528C63D62C55E72B009FD199 /* online-course-app.app */,
			);
			name = Products;
			sourceTree = "<group>";
		};
		528C63D82C55E72B009FD199 /* online-course-app */ = {
			isa = PBXGroup;
			children = (
				526EBA642C5659AD005F54DA /* Service */,
				526EBA5F2C563914005F54DA /* Extension */,
				528C63F12C55E899009FD199 /* Storyboard */,
				528C63F02C55E886009FD199 /* Resources */,
				528C63EF2C55E87F009FD199 /* Util */,
				528C63EE2C55E879009FD199 /* Model */,
				528C63ED2C55E862009FD199 /* ViewController */,
				528C63D92C55E72B009FD199 /* AppDelegate.swift */,
				528C63F62C55EAAA009FD199 /* Main.storyboard */,
				528C63E42C55E72D009FD199 /* LaunchScreen.storyboard */,
				528C63E22C55E72D009FD199 /* Assets.xcassets */,
				528C63E72C55E72D009FD199 /* Info.plist */,
			);
			path = "online-course-app";
			sourceTree = "<group>";
		};
		528C63ED2C55E862009FD199 /* ViewController */ = {
			isa = PBXGroup;
			children = (
				526EBA702C5664A6005F54DA /* GeneralController */,
				526EBA6D2C566417005F54DA /* AuthController */,
			);
			path = ViewController;
			sourceTree = "<group>";
		};
		528C63EE2C55E879009FD199 /* Model */ = {
			isa = PBXGroup;
			children = (
			);
			path = Model;
			sourceTree = "<group>";
		};
		528C63EF2C55E87F009FD199 /* Util */ = {
			isa = PBXGroup;
			children = (
				526EBA5D2C5638E5005F54DA /* KeyboardUtil.swift */,
			);
			path = Util;
			sourceTree = "<group>";
		};
		528C63F02C55E886009FD199 /* Resources */ = {
			isa = PBXGroup;
			children = (
			);
			path = Resources;
			sourceTree = "<group>";
		};
		528C63F12C55E899009FD199 /* Storyboard */ = {
			isa = PBXGroup;
			children = (
				528C63F22C55E8D5009FD199 /* AuthScreen.storyboard */,
			);
			path = Storyboard;
			sourceTree = "<group>";
		};
		ACAE0637094B90330EBF0EFA /* Pods */ = {
			isa = PBXGroup;
			children = (
				6D775617AA3B7A6C2FD0AABB /* Pods-online-course-app.debug.xcconfig */,
				FE95B5D8139851594791A6A9 /* Pods-online-course-app.release.xcconfig */,
			);
			path = Pods;
			sourceTree = "<group>";
		};
		EBFC2109DF429E96C8EE8C74 /* Frameworks */ = {
			isa = PBXGroup;
			children = (
				9E056F04E4F1CC2E2D04B1CB /* Pods_online_course_app.framework */,
			);
			name = Frameworks;
			sourceTree = "<group>";
		};
/* End PBXGroup section */

/* Begin PBXNativeTarget section */
		528C63D52C55E72B009FD199 /* online-course-app */ = {
			isa = PBXNativeTarget;
			buildConfigurationList = 528C63EA2C55E72D009FD199 /* Build configuration list for PBXNativeTarget "online-course-app" */;
			buildPhases = (
				7FBD740004443589B29CB4D3 /* [CP] Check Pods Manifest.lock */,
				528C63D22C55E72B009FD199 /* Sources */,
				528C63D32C55E72B009FD199 /* Frameworks */,
				528C63D42C55E72B009FD199 /* Resources */,
				959F7E10D4C4F31805DE8537 /* [CP] Embed Pods Frameworks */,
			);
			buildRules = (
			);
			dependencies = (
			);
			name = "online-course-app";
			productName = "online-course-app";
			productReference = 528C63D62C55E72B009FD199 /* online-course-app.app */;
			productType = "com.apple.product-type.application";
		};
/* End PBXNativeTarget section */

/* Begin PBXProject section */
		528C63CE2C55E72B009FD199 /* Project object */ = {
			isa = PBXProject;
			attributes = {
				BuildIndependentTargetsInParallel = 1;
				LastSwiftUpdateCheck = 1530;
				LastUpgradeCheck = 1530;
				TargetAttributes = {
					528C63D52C55E72B009FD199 = {
						CreatedOnToolsVersion = 15.3;
					};
				};
			};
			buildConfigurationList = 528C63D12C55E72B009FD199 /* Build configuration list for PBXProject "online-course-app" */;
			compatibilityVersion = "Xcode 14.0";
			developmentRegion = en;
			hasScannedForEncodings = 0;
			knownRegions = (
				en,
				Base,
			);
			mainGroup = 528C63CD2C55E72B009FD199;
			productRefGroup = 528C63D72C55E72B009FD199 /* Products */;
			projectDirPath = "";
			projectRoot = "";
			targets = (
				528C63D52C55E72B009FD199 /* online-course-app */,
			);
		};
/* End PBXProject section */

/* Begin PBXResourcesBuildPhase section */
		528C63D42C55E72B009FD199 /* Resources */ = {
			isa = PBXResourcesBuildPhase;
			buildActionMask = 2147483647;
			files = (
				528C63E32C55E72D009FD199 /* Assets.xcassets in Resources */,
				528C63E62C55E72D009FD199 /* Base in Resources */,
				528C63F32C55E8D5009FD199 /* AuthScreen.storyboard in Resources */,
				528C63F72C55EAAA009FD199 /* Main.storyboard in Resources */,
			);
			runOnlyForDeploymentPostprocessing = 0;
		};
/* End PBXResourcesBuildPhase section */

/* Begin PBXShellScriptBuildPhase section */
		7FBD740004443589B29CB4D3 /* [CP] Check Pods Manifest.lock */ = {
			isa = PBXShellScriptBuildPhase;
			buildActionMask = 2147483647;
			files = (
			);
			inputFileListPaths = (
			);
			inputPaths = (
				"${PODS_PODFILE_DIR_PATH}/Podfile.lock",
				"${PODS_ROOT}/Manifest.lock",
			);
			name = "[CP] Check Pods Manifest.lock";
			outputFileListPaths = (
			);
			outputPaths = (
				"$(DERIVED_FILE_DIR)/Pods-online-course-app-checkManifestLockResult.txt",
			);
			runOnlyForDeploymentPostprocessing = 0;
			shellPath = /bin/sh;
			shellScript = "diff \"${PODS_PODFILE_DIR_PATH}/Podfile.lock\" \"${PODS_ROOT}/Manifest.lock\" > /dev/null\nif [ $? != 0 ] ; then\n    # print error to STDERR\n    echo \"error: The sandbox is not in sync with the Podfile.lock. Run 'pod install' or update your CocoaPods installation.\" >&2\n    exit 1\nfi\n# This output is used by Xcode 'outputs' to avoid re-running this script phase.\necho \"SUCCESS\" > \"${SCRIPT_OUTPUT_FILE_0}\"\n";
			showEnvVarsInLog = 0;
		};
		959F7E10D4C4F31805DE8537 /* [CP] Embed Pods Frameworks */ = {
			isa = PBXShellScriptBuildPhase;
			buildActionMask = 2147483647;
			files = (
			);
			inputFileListPaths = (
				"${PODS_ROOT}/Target Support Files/Pods-online-course-app/Pods-online-course-app-frameworks-${CONFIGURATION}-input-files.xcfilelist",
			);
			name = "[CP] Embed Pods Frameworks";
			outputFileListPaths = (
				"${PODS_ROOT}/Target Support Files/Pods-online-course-app/Pods-online-course-app-frameworks-${CONFIGURATION}-output-files.xcfilelist",
			);
			runOnlyForDeploymentPostprocessing = 0;
			shellPath = /bin/sh;
			shellScript = "\"${PODS_ROOT}/Target Support Files/Pods-online-course-app/Pods-online-course-app-frameworks.sh\"\n";
			showEnvVarsInLog = 0;
		};
/* End PBXShellScriptBuildPhase section */

/* Begin PBXSourcesBuildPhase section */
		528C63D22C55E72B009FD199 /* Sources */ = {
			isa = PBXSourcesBuildPhase;
			buildActionMask = 2147483647;
			files = (
				526EBA6F2C566471005F54DA /* ResetPasswordViewController.swift in Sources */,
				526EBA6C2C56640F005F54DA /* VerifyCodeViewController.swift in Sources */,
				526EBA632C564723005F54DA /* LoginViewController.swift in Sources */,
				528C63DA2C55E72B009FD199 /* AppDelegate.swift in Sources */,
				526EBA662C5659CD005F54DA /* AuthAPIService.swift in Sources */,
				526EBA722C5664BC005F54DA /* SettingViewController.swift in Sources */,
				526EBA682C565CB6005F54DA /* RegisterViewController.swift in Sources */,
				526EBA6A2C5660FE005F54DA /* ForgetPasswordViewController.swift in Sources */,
				526EBA5E2C5638E5005F54DA /* KeyboardUtil.swift in Sources */,
				526EBA612C563923005F54DA /* UIColor + Ext.swift in Sources */,
			);
			runOnlyForDeploymentPostprocessing = 0;
		};
/* End PBXSourcesBuildPhase section */

/* Begin PBXVariantGroup section */
		528C63E42C55E72D009FD199 /* LaunchScreen.storyboard */ = {
			isa = PBXVariantGroup;
			children = (
				528C63E52C55E72D009FD199 /* Base */,
			);
			name = LaunchScreen.storyboard;
			sourceTree = "<group>";
		};
/* End PBXVariantGroup section */

/* Begin XCBuildConfiguration section */
		528C63E82C55E72D009FD199 /* Debug */ = {
			isa = XCBuildConfiguration;
			buildSettings = {
				ALWAYS_SEARCH_USER_PATHS = NO;
				ASSETCATALOG_COMPILER_GENERATE_SWIFT_ASSET_SYMBOL_EXTENSIONS = YES;
				CLANG_ANALYZER_NONNULL = YES;
				CLANG_ANALYZER_NUMBER_OBJECT_CONVERSION = YES_AGGRESSIVE;
				CLANG_CXX_LANGUAGE_STANDARD = "gnu++20";
				CLANG_ENABLE_MODULES = YES;
				CLANG_ENABLE_OBJC_ARC = YES;
				CLANG_ENABLE_OBJC_WEAK = YES;
				CLANG_WARN_BLOCK_CAPTURE_AUTORELEASING = YES;
				CLANG_WARN_BOOL_CONVERSION = YES;
				CLANG_WARN_COMMA = YES;
				CLANG_WARN_CONSTANT_CONVERSION = YES;
				CLANG_WARN_DEPRECATED_OBJC_IMPLEMENTATIONS = YES;
				CLANG_WARN_DIRECT_OBJC_ISA_USAGE = YES_ERROR;
				CLANG_WARN_DOCUMENTATION_COMMENTS = YES;
				CLANG_WARN_EMPTY_BODY = YES;
				CLANG_WARN_ENUM_CONVERSION = YES;
				CLANG_WARN_INFINITE_RECURSION = YES;
				CLANG_WARN_INT_CONVERSION = YES;
				CLANG_WARN_NON_LITERAL_NULL_CONVERSION = YES;
				CLANG_WARN_OBJC_IMPLICIT_RETAIN_SELF = YES;
				CLANG_WARN_OBJC_LITERAL_CONVERSION = YES;
				CLANG_WARN_OBJC_ROOT_CLASS = YES_ERROR;
				CLANG_WARN_QUOTED_INCLUDE_IN_FRAMEWORK_HEADER = YES;
				CLANG_WARN_RANGE_LOOP_ANALYSIS = YES;
				CLANG_WARN_STRICT_PROTOTYPES = YES;
				CLANG_WARN_SUSPICIOUS_MOVE = YES;
				CLANG_WARN_UNGUARDED_AVAILABILITY = YES_AGGRESSIVE;
				CLANG_WARN_UNREACHABLE_CODE = YES;
				CLANG_WARN__DUPLICATE_METHOD_MATCH = YES;
				COPY_PHASE_STRIP = NO;
				DEBUG_INFORMATION_FORMAT = dwarf;
				ENABLE_STRICT_OBJC_MSGSEND = YES;
				ENABLE_TESTABILITY = YES;
				ENABLE_USER_SCRIPT_SANDBOXING = YES;
				GCC_C_LANGUAGE_STANDARD = gnu17;
				GCC_DYNAMIC_NO_PIC = NO;
				GCC_NO_COMMON_BLOCKS = YES;
				GCC_OPTIMIZATION_LEVEL = 0;
				GCC_PREPROCESSOR_DEFINITIONS = (
					"DEBUG=1",
					"$(inherited)",
				);
				GCC_WARN_64_TO_32_BIT_CONVERSION = YES;
				GCC_WARN_ABOUT_RETURN_TYPE = YES_ERROR;
				GCC_WARN_UNDECLARED_SELECTOR = YES;
				GCC_WARN_UNINITIALIZED_AUTOS = YES_AGGRESSIVE;
				GCC_WARN_UNUSED_FUNCTION = YES;
				GCC_WARN_UNUSED_VARIABLE = YES;
				IPHONEOS_DEPLOYMENT_TARGET = 17.4;
				LOCALIZATION_PREFERS_STRING_CATALOGS = YES;
				MTL_ENABLE_DEBUG_INFO = INCLUDE_SOURCE;
				MTL_FAST_MATH = YES;
				ONLY_ACTIVE_ARCH = YES;
				SDKROOT = iphoneos;
				SWIFT_ACTIVE_COMPILATION_CONDITIONS = "DEBUG $(inherited)";
				SWIFT_OPTIMIZATION_LEVEL = "-Onone";
			};
			name = Debug;
		};
		528C63E92C55E72D009FD199 /* Release */ = {
			isa = XCBuildConfiguration;
			buildSettings = {
				ALWAYS_SEARCH_USER_PATHS = NO;
				ASSETCATALOG_COMPILER_GENERATE_SWIFT_ASSET_SYMBOL_EXTENSIONS = YES;
				CLANG_ANALYZER_NONNULL = YES;
				CLANG_ANALYZER_NUMBER_OBJECT_CONVERSION = YES_AGGRESSIVE;
				CLANG_CXX_LANGUAGE_STANDARD = "gnu++20";
				CLANG_ENABLE_MODULES = YES;
				CLANG_ENABLE_OBJC_ARC = YES;
				CLANG_ENABLE_OBJC_WEAK = YES;
				CLANG_WARN_BLOCK_CAPTURE_AUTORELEASING = YES;
				CLANG_WARN_BOOL_CONVERSION = YES;
				CLANG_WARN_COMMA = YES;
				CLANG_WARN_CONSTANT_CONVERSION = YES;
				CLANG_WARN_DEPRECATED_OBJC_IMPLEMENTATIONS = YES;
				CLANG_WARN_DIRECT_OBJC_ISA_USAGE = YES_ERROR;
				CLANG_WARN_DOCUMENTATION_COMMENTS = YES;
				CLANG_WARN_EMPTY_BODY = YES;
				CLANG_WARN_ENUM_CONVERSION = YES;
				CLANG_WARN_INFINITE_RECURSION = YES;
				CLANG_WARN_INT_CONVERSION = YES;
				CLANG_WARN_NON_LITERAL_NULL_CONVERSION = YES;
				CLANG_WARN_OBJC_IMPLICIT_RETAIN_SELF = YES;
				CLANG_WARN_OBJC_LITERAL_CONVERSION = YES;
				CLANG_WARN_OBJC_ROOT_CLASS = YES_ERROR;
				CLANG_WARN_QUOTED_INCLUDE_IN_FRAMEWORK_HEADER = YES;
				CLANG_WARN_RANGE_LOOP_ANALYSIS = YES;
				CLANG_WARN_STRICT_PROTOTYPES = YES;
				CLANG_WARN_SUSPICIOUS_MOVE = YES;
				CLANG_WARN_UNGUARDED_AVAILABILITY = YES_AGGRESSIVE;
				CLANG_WARN_UNREACHABLE_CODE = YES;
				CLANG_WARN__DUPLICATE_METHOD_MATCH = YES;
				COPY_PHASE_STRIP = NO;
				DEBUG_INFORMATION_FORMAT = "dwarf-with-dsym";
				ENABLE_NS_ASSERTIONS = NO;
				ENABLE_STRICT_OBJC_MSGSEND = YES;
				ENABLE_USER_SCRIPT_SANDBOXING = YES;
				GCC_C_LANGUAGE_STANDARD = gnu17;
				GCC_NO_COMMON_BLOCKS = YES;
				GCC_WARN_64_TO_32_BIT_CONVERSION = YES;
				GCC_WARN_ABOUT_RETURN_TYPE = YES_ERROR;
				GCC_WARN_UNDECLARED_SELECTOR = YES;
				GCC_WARN_UNINITIALIZED_AUTOS = YES_AGGRESSIVE;
				GCC_WARN_UNUSED_FUNCTION = YES;
				GCC_WARN_UNUSED_VARIABLE = YES;
				IPHONEOS_DEPLOYMENT_TARGET = 17.4;
				LOCALIZATION_PREFERS_STRING_CATALOGS = YES;
				MTL_ENABLE_DEBUG_INFO = NO;
				MTL_FAST_MATH = YES;
				SDKROOT = iphoneos;
				SWIFT_COMPILATION_MODE = wholemodule;
				VALIDATE_PRODUCT = YES;
			};
			name = Release;
		};
		528C63EB2C55E72D009FD199 /* Debug */ = {
			isa = XCBuildConfiguration;
			baseConfigurationReference = 6D775617AA3B7A6C2FD0AABB /* Pods-online-course-app.debug.xcconfig */;
			buildSettings = {
				ASSETCATALOG_COMPILER_APPICON_NAME = AppIcon;
				ASSETCATALOG_COMPILER_GLOBAL_ACCENT_COLOR_NAME = AccentColor;
				CODE_SIGN_STYLE = Automatic;
				CURRENT_PROJECT_VERSION = 1;
				DEVELOPMENT_TEAM = HG7TQ755V4;
				ENABLE_USER_SCRIPT_SANDBOXING = NO;
				GENERATE_INFOPLIST_FILE = YES;
				INFOPLIST_FILE = "online-course-app/Info.plist";
				INFOPLIST_KEY_CFBundleDisplayName = Courserize;
				INFOPLIST_KEY_LSApplicationCategoryType = "public.app-category.education";
				INFOPLIST_KEY_UIApplicationSupportsIndirectInputEvents = YES;
				INFOPLIST_KEY_UILaunchStoryboardName = LaunchScreen;
				INFOPLIST_KEY_UIMainStoryboardFile = Main;
				INFOPLIST_KEY_UISupportedInterfaceOrientations_iPad = "UIInterfaceOrientationPortrait UIInterfaceOrientationPortraitUpsideDown UIInterfaceOrientationLandscapeLeft UIInterfaceOrientationLandscapeRight";
				INFOPLIST_KEY_UISupportedInterfaceOrientations_iPhone = "UIInterfaceOrientationPortrait UIInterfaceOrientationLandscapeLeft UIInterfaceOrientationLandscapeRight";
				IPHONEOS_DEPLOYMENT_TARGET = 13.0;
				LD_RUNPATH_SEARCH_PATHS = (
					"$(inherited)",
					"@executable_path/Frameworks",
				);
				MARKETING_VERSION = 1.0;
				PRODUCT_BUNDLE_IDENTIFIER = "com.vicheak.online-course-app";
				PRODUCT_NAME = "$(TARGET_NAME)";
				SWIFT_EMIT_LOC_STRINGS = YES;
				SWIFT_VERSION = 5.0;
				TARGETED_DEVICE_FAMILY = "1,2";
			};
			name = Debug;
		};
		528C63EC2C55E72D009FD199 /* Release */ = {
			isa = XCBuildConfiguration;
			baseConfigurationReference = FE95B5D8139851594791A6A9 /* Pods-online-course-app.release.xcconfig */;
			buildSettings = {
				ASSETCATALOG_COMPILER_APPICON_NAME = AppIcon;
				ASSETCATALOG_COMPILER_GLOBAL_ACCENT_COLOR_NAME = AccentColor;
				CODE_SIGN_STYLE = Automatic;
				CURRENT_PROJECT_VERSION = 1;
				DEVELOPMENT_TEAM = HG7TQ755V4;
				ENABLE_USER_SCRIPT_SANDBOXING = NO;
				GENERATE_INFOPLIST_FILE = YES;
				INFOPLIST_FILE = "online-course-app/Info.plist";
				INFOPLIST_KEY_CFBundleDisplayName = Courserize;
				INFOPLIST_KEY_LSApplicationCategoryType = "public.app-category.education";
				INFOPLIST_KEY_UIApplicationSupportsIndirectInputEvents = YES;
				INFOPLIST_KEY_UILaunchStoryboardName = LaunchScreen;
				INFOPLIST_KEY_UIMainStoryboardFile = Main;
				INFOPLIST_KEY_UISupportedInterfaceOrientations_iPad = "UIInterfaceOrientationPortrait UIInterfaceOrientationPortraitUpsideDown UIInterfaceOrientationLandscapeLeft UIInterfaceOrientationLandscapeRight";
				INFOPLIST_KEY_UISupportedInterfaceOrientations_iPhone = "UIInterfaceOrientationPortrait UIInterfaceOrientationLandscapeLeft UIInterfaceOrientationLandscapeRight";
				IPHONEOS_DEPLOYMENT_TARGET = 13.0;
				LD_RUNPATH_SEARCH_PATHS = (
					"$(inherited)",
					"@executable_path/Frameworks",
				);
				MARKETING_VERSION = 1.0;
				PRODUCT_BUNDLE_IDENTIFIER = "com.vicheak.online-course-app";
				PRODUCT_NAME = "$(TARGET_NAME)";
				SWIFT_EMIT_LOC_STRINGS = YES;
				SWIFT_VERSION = 5.0;
				TARGETED_DEVICE_FAMILY = "1,2";
			};
			name = Release;
		};
/* End XCBuildConfiguration section */

/* Begin XCConfigurationList section */
		528C63D12C55E72B009FD199 /* Build configuration list for PBXProject "online-course-app" */ = {
			isa = XCConfigurationList;
			buildConfigurations = (
				528C63E82C55E72D009FD199 /* Debug */,
				528C63E92C55E72D009FD199 /* Release */,
			);
			defaultConfigurationIsVisible = 0;
			defaultConfigurationName = Release;
		};
		528C63EA2C55E72D009FD199 /* Build configuration list for PBXNativeTarget "online-course-app" */ = {
			isa = XCConfigurationList;
			buildConfigurations = (
				528C63EB2C55E72D009FD199 /* Debug */,
				528C63EC2C55E72D009FD199 /* Release */,
			);
			defaultConfigurationIsVisible = 0;
			defaultConfigurationName = Release;
		};
/* End XCConfigurationList section */
	};
	rootObject = 528C63CE2C55E72B009FD199 /* Project object */;
}
